// !$*UTF8*$!
{
	archiveVersion = 1;
	classes = {
	};
	objectVersion = 46;
	objects = {

/* Begin PBXBuildFile section */
		B8F21D221C8B12A500CD06E9 /* AppDelegate.m in Sources */ = {isa = PBXBuildFile; fileRef = B8F21C9E1C8B12A500CD06E9 /* AppDelegate.m */; };
		B8F21D231C8B12A500CD06E9 /* Assets.xcassets in Resources */ = {isa = PBXBuildFile; fileRef = B8F21C9F1C8B12A500CD06E9 /* Assets.xcassets */; };
		B8F21D241C8B12A500CD06E9 /* LaunchScreen.storyboard in Resources */ = {isa = PBXBuildFile; fileRef = B8F21CA01C8B12A500CD06E9 /* LaunchScreen.storyboard */; };
		B8F21D251C8B12A500CD06E9 /* Main.storyboard in Resources */ = {isa = PBXBuildFile; fileRef = B8F21CA21C8B12A500CD06E9 /* Main.storyboard */; };
		B8F21D261C8B12A500CD06E9 /* InformationManager.m in Sources */ = {isa = PBXBuildFile; fileRef = B8F21CA91C8B12A500CD06E9 /* InformationManager.m */; };
		B8F21D271C8B12A500CD06E9 /* MotorcycleTypeManager.m in Sources */ = {isa = PBXBuildFile; fileRef = B8F21CAB1C8B12A500CD06E9 /* MotorcycleTypeManager.m */; };
		B8F21D281C8B12A500CD06E9 /* MKAnnotationView+WebCache.m in Sources */ = {isa = PBXBuildFile; fileRef = B8F21CAE1C8B12A500CD06E9 /* MKAnnotationView+WebCache.m */; };
		B8F21D291C8B12A500CD06E9 /* NSData+ImageContentType.m in Sources */ = {isa = PBXBuildFile; fileRef = B8F21CB01C8B12A500CD06E9 /* NSData+ImageContentType.m */; };
		B8F21D2A1C8B12A500CD06E9 /* SDImageCache.m in Sources */ = {isa = PBXBuildFile; fileRef = B8F21CB21C8B12A500CD06E9 /* SDImageCache.m */; };
		B8F21D2B1C8B12A500CD06E9 /* SDWebImageCompat.m in Sources */ = {isa = PBXBuildFile; fileRef = B8F21CB41C8B12A500CD06E9 /* SDWebImageCompat.m */; };
		B8F21D2C1C8B12A500CD06E9 /* SDWebImageDecoder.m in Sources */ = {isa = PBXBuildFile; fileRef = B8F21CB61C8B12A500CD06E9 /* SDWebImageDecoder.m */; };
		B8F21D2D1C8B12A500CD06E9 /* SDWebImageDownloader.m in Sources */ = {isa = PBXBuildFile; fileRef = B8F21CB81C8B12A500CD06E9 /* SDWebImageDownloader.m */; };
		B8F21D2E1C8B12A500CD06E9 /* SDWebImageDownloaderOperation.m in Sources */ = {isa = PBXBuildFile; fileRef = B8F21CBA1C8B12A500CD06E9 /* SDWebImageDownloaderOperation.m */; };
		B8F21D2F1C8B12A500CD06E9 /* SDWebImageManager.m in Sources */ = {isa = PBXBuildFile; fileRef = B8F21CBC1C8B12A500CD06E9 /* SDWebImageManager.m */; };
		B8F21D301C8B12A500CD06E9 /* SDWebImagePrefetcher.m in Sources */ = {isa = PBXBuildFile; fileRef = B8F21CBF1C8B12A500CD06E9 /* SDWebImagePrefetcher.m */; };
		B8F21D311C8B12A500CD06E9 /* UIButton+WebCache.m in Sources */ = {isa = PBXBuildFile; fileRef = B8F21CC11C8B12A500CD06E9 /* UIButton+WebCache.m */; };
		B8F21D321C8B12A500CD06E9 /* UIImage+GIF.m in Sources */ = {isa = PBXBuildFile; fileRef = B8F21CC31C8B12A500CD06E9 /* UIImage+GIF.m */; };
		B8F21D331C8B12A500CD06E9 /* UIImage+MultiFormat.m in Sources */ = {isa = PBXBuildFile; fileRef = B8F21CC51C8B12A500CD06E9 /* UIImage+MultiFormat.m */; };
		B8F21D341C8B12A500CD06E9 /* UIImage+WebP.m in Sources */ = {isa = PBXBuildFile; fileRef = B8F21CC71C8B12A500CD06E9 /* UIImage+WebP.m */; };
		B8F21D351C8B12A500CD06E9 /* UIImageView+HighlightedWebCache.m in Sources */ = {isa = PBXBuildFile; fileRef = B8F21CC91C8B12A500CD06E9 /* UIImageView+HighlightedWebCache.m */; };
		B8F21D361C8B12A500CD06E9 /* UIImageView+WebCache.m in Sources */ = {isa = PBXBuildFile; fileRef = B8F21CCB1C8B12A500CD06E9 /* UIImageView+WebCache.m */; };
		B8F21D371C8B12A500CD06E9 /* UIView+WebCacheOperation.m in Sources */ = {isa = PBXBuildFile; fileRef = B8F21CCD1C8B12A500CD06E9 /* UIView+WebCacheOperation.m */; };
		B8F21D381C8B12A500CD06E9 /* 52.jpg in Resources */ = {isa = PBXBuildFile; fileRef = B8F21CCF1C8B12A500CD06E9 /* 52.jpg */; };
		B8F21D391C8B12A500CD06E9 /* ChaiCheModel.m in Sources */ = {isa = PBXBuildFile; fileRef = B8F21CD11C8B12A500CD06E9 /* ChaiCheModel.m */; };
		B8F21D3A1C8B12A500CD06E9 /* DetailModel.m in Sources */ = {isa = PBXBuildFile; fileRef = B8F21CD31C8B12A500CD06E9 /* DetailModel.m */; };
		B8F21D3B1C8B12A500CD06E9 /* InformationModel.m in Sources */ = {isa = PBXBuildFile; fileRef = B8F21CD51C8B12A500CD06E9 /* InformationModel.m */; };
		B8F21D3C1C8B12A500CD06E9 /* MotorcycleTypeModel.m in Sources */ = {isa = PBXBuildFile; fileRef = B8F21CD71C8B12A500CD06E9 /* MotorcycleTypeModel.m */; };
		B8F21D3D1C8B12A500CD06E9 /* PictureModel.m in Sources */ = {isa = PBXBuildFile; fileRef = B8F21CD91C8B12A500CD06E9 /* PictureModel.m */; };
		B8F21D3E1C8B12A500CD06E9 /* 上一张.png in Resources */ = {isa = PBXBuildFile; fileRef = B8F21CDB1C8B12A500CD06E9 /* 上一张.png */; };
		B8F21D3F1C8B12A500CD06E9 /* 下一张.png in Resources */ = {isa = PBXBuildFile; fileRef = B8F21CDC1C8B12A500CD06E9 /* 下一张.png */; };
		B8F21D401C8B12A500CD06E9 /* 图片.png in Resources */ = {isa = PBXBuildFile; fileRef = B8F21CDD1C8B12A500CD06E9 /* 图片.png */; };
		B8F21D411C8B12A500CD06E9 /* 我的.png in Resources */ = {isa = PBXBuildFile; fileRef = B8F21CDE1C8B12A500CD06E9 /* 我的.png */; };
		B8F21D421C8B12A500CD06E9 /* 拆车坊.png in Resources */ = {isa = PBXBuildFile; fileRef = B8F21CDF1C8B12A500CD06E9 /* 拆车坊.png */; };
		B8F21D431C8B12A500CD06E9 /* 添加.png in Resources */ = {isa = PBXBuildFile; fileRef = B8F21CE01C8B12A500CD06E9 /* 添加.png */; };
		B8F21D441C8B12A500CD06E9 /* 资讯.png in Resources */ = {isa = PBXBuildFile; fileRef = B8F21CE11C8B12A500CD06E9 /* 资讯.png */; };
		B8F21D451C8B12A500CD06E9 /* 车型.png in Resources */ = {isa = PBXBuildFile; fileRef = B8F21CE21C8B12A500CD06E9 /* 车型.png */; };
		B8F21D461C8B12A500CD06E9 /* 8879-11091423105869.jpg in Resources */ = {isa = PBXBuildFile; fileRef = B8F21CE51C8B12A500CD06E9 /* 8879-11091423105869.jpg */; };
		B8F21D471C8B12A500CD06E9 /* 1.jpg in Resources */ = {isa = PBXBuildFile; fileRef = B8F21CE71C8B12A500CD06E9 /* 1.jpg */; };
		B8F21D481C8B12A500CD06E9 /* 2.jpg in Resources */ = {isa = PBXBuildFile; fileRef = B8F21CE81C8B12A500CD06E9 /* 2.jpg */; };
		B8F21D491C8B12A500CD06E9 /* 3.jpg in Resources */ = {isa = PBXBuildFile; fileRef = B8F21CE91C8B12A500CD06E9 /* 3.jpg */; };
		B8F21D4A1C8B12A500CD06E9 /* ChaiCheTableViewCell.m in Sources */ = {isa = PBXBuildFile; fileRef = B8F21CEB1C8B12A500CD06E9 /* ChaiCheTableViewCell.m */; };
		B8F21D4B1C8B12A500CD06E9 /* ChaiCheTableViewCell.xib in Resources */ = {isa = PBXBuildFile; fileRef = B8F21CEC1C8B12A500CD06E9 /* ChaiCheTableViewCell.xib */; };
		B8F21D4C1C8B12A500CD06E9 /* ChaiViewController.m in Sources */ = {isa = PBXBuildFile; fileRef = B8F21CEE1C8B12A500CD06E9 /* ChaiViewController.m */; };
		B8F21D4D1C8B12A500CD06E9 /* DetailViewController.m in Sources */ = {isa = PBXBuildFile; fileRef = B8F21CF01C8B12A500CD06E9 /* DetailViewController.m */; };
		B8F21D4E1C8B12A500CD06E9 /* MineViewController.m in Sources */ = {isa = PBXBuildFile; fileRef = B8F21CF21C8B12A500CD06E9 /* MineViewController.m */; };
		B8F21D4F1C8B12A500CD06E9 /* moroCycleTableViewCell.m in Sources */ = {isa = PBXBuildFile; fileRef = B8F21CF41C8B12A500CD06E9 /* moroCycleTableViewCell.m */; };
		B8F21D501C8B12A500CD06E9 /* moroCycleTableViewCell.xib in Resources */ = {isa = PBXBuildFile; fileRef = B8F21CF51C8B12A500CD06E9 /* moroCycleTableViewCell.xib */; };
		B8F21D511C8B12A500CD06E9 /* moroManger.m in Sources */ = {isa = PBXBuildFile; fileRef = B8F21CF71C8B12A500CD06E9 /* moroManger.m */; };
		B8F21D521C8B12A500CD06E9 /* moroModel.m in Sources */ = {isa = PBXBuildFile; fileRef = B8F21CF91C8B12A500CD06E9 /* moroModel.m */; };
		B8F21D531C8B12A500CD06E9 /* morosManger.m in Sources */ = {isa = PBXBuildFile; fileRef = B8F21CFB1C8B12A500CD06E9 /* morosManger.m */; };
		B8F21D541C8B12A500CD06E9 /* morosModel.m in Sources */ = {isa = PBXBuildFile; fileRef = B8F21CFD1C8B12A500CD06E9 /* morosModel.m */; };
		B8F21D551C8B12A500CD06E9 /* mosCycleTableViewCell.m in Sources */ = {isa = PBXBuildFile; fileRef = B8F21CFF1C8B12A500CD06E9 /* mosCycleTableViewCell.m */; };
		B8F21D561C8B12A500CD06E9 /* mosCycleTableViewCell.xib in Resources */ = {isa = PBXBuildFile; fileRef = B8F21D001C8B12A500CD06E9 /* mosCycleTableViewCell.xib */; };
		B8F21D571C8B12A500CD06E9 /* mThirdViewController.m in Sources */ = {isa = PBXBuildFile; fileRef = B8F21D021C8B12A500CD06E9 /* mThirdViewController.m */; };
		B8F21D581C8B12A500CD06E9 /* mThirdViewController.xib in Resources */ = {isa = PBXBuildFile; fileRef = B8F21D031C8B12A500CD06E9 /* mThirdViewController.xib */; };
		B8F21D591C8B12A500CD06E9 /* PictureViewController.m in Sources */ = {isa = PBXBuildFile; fileRef = B8F21D051C8B12A500CD06E9 /* PictureViewController.m */; };
		B8F21D5A1C8B12A500CD06E9 /* SYHNetTools.m in Sources */ = {isa = PBXBuildFile; fileRef = B8F21D071C8B12A500CD06E9 /* SYHNetTools.m */; };
		B8F21D5B1C8B12A500CD06E9 /* WebViewController.m in Sources */ = {isa = PBXBuildFile; fileRef = B8F21D091C8B12A500CD06E9 /* WebViewController.m */; };
		B8F21D5C1C8B12A500CD06E9 /* 8879-11091423105869.jpg in Resources */ = {isa = PBXBuildFile; fileRef = B8F21D0C1C8B12A500CD06E9 /* 8879-11091423105869.jpg */; };
		B8F21D5D1C8B12A500CD06E9 /* 10.png in Resources */ = {isa = PBXBuildFile; fileRef = B8F21D0E1C8B12A500CD06E9 /* 10.png */; };
		B8F21D5E1C8B12A500CD06E9 /* InformationTableViewCell.m in Sources */ = {isa = PBXBuildFile; fileRef = B8F21D101C8B12A500CD06E9 /* InformationTableViewCell.m */; };
		B8F21D5F1C8B12A500CD06E9 /* InformationTableViewCell.xib in Resources */ = {isa = PBXBuildFile; fileRef = B8F21D111C8B12A500CD06E9 /* InformationTableViewCell.xib */; };
		B8F21D601C8B12A500CD06E9 /* informationViewController.m in Sources */ = {isa = PBXBuildFile; fileRef = B8F21D131C8B12A500CD06E9 /* informationViewController.m */; };
		B8F21D611C8B12A500CD06E9 /* informationViewController.xib in Resources */ = {isa = PBXBuildFile; fileRef = B8F21D141C8B12A500CD06E9 /* informationViewController.xib */; };
		B8F21D621C8B12A500CD06E9 /* MJRootView.m in Sources */ = {isa = PBXBuildFile; fileRef = B8F21D161C8B12A500CD06E9 /* MJRootView.m */; };
		B8F21D631C8B12A500CD06E9 /* ModelCollectionViewCell.m in Sources */ = {isa = PBXBuildFile; fileRef = B8F21D181C8B12A500CD06E9 /* ModelCollectionViewCell.m */; };
		B8F21D641C8B12A500CD06E9 /* motorcycleTypeViewController.m in Sources */ = {isa = PBXBuildFile; fileRef = B8F21D1A1C8B12A500CD06E9 /* motorcycleTypeViewController.m */; };
		B8F21D651C8B12A500CD06E9 /* motorcycleTypeViewController.xib in Resources */ = {isa = PBXBuildFile; fileRef = B8F21D1B1C8B12A500CD06E9 /* motorcycleTypeViewController.xib */; };
		B8F21D661C8B12A500CD06E9 /* RootViewController.m in Sources */ = {isa = PBXBuildFile; fileRef = B8F21D1D1C8B12A500CD06E9 /* RootViewController.m */; };
		B8F21D671C8B12A500CD06E9 /* Info.plist in Resources */ = {isa = PBXBuildFile; fileRef = B8F21D1E1C8B12A500CD06E9 /* Info.plist */; };
		B8F21D681C8B12A500CD06E9 /* main.m in Sources */ = {isa = PBXBuildFile; fileRef = B8F21D1F1C8B12A500CD06E9 /* main.m */; };
		B8F21D691C8B12A500CD06E9 /* ViewController.m in Sources */ = {isa = PBXBuildFile; fileRef = B8F21D211C8B12A500CD06E9 /* ViewController.m */; };
/* End PBXBuildFile section */

/* Begin PBXFileReference section */
		B8F21C9D1C8B12A500CD06E9 /* AppDelegate.h */ = {isa = PBXFileReference; fileEncoding = 4; lastKnownFileType = sourcecode.c.h; path = AppDelegate.h; sourceTree = "<group>"; };
		B8F21C9E1C8B12A500CD06E9 /* AppDelegate.m */ = {isa = PBXFileReference; fileEncoding = 4; lastKnownFileType = sourcecode.c.objc; path = AppDelegate.m; sourceTree = "<group>"; };
		B8F21C9F1C8B12A500CD06E9 /* Assets.xcassets */ = {isa = PBXFileReference; lastKnownFileType = folder.assetcatalog; path = Assets.xcassets; sourceTree = "<group>"; };
		B8F21CA11C8B12A500CD06E9 /* Base */ = {isa = PBXFileReference; lastKnownFileType = file.storyboard; name = Base; path = Base.lproj/LaunchScreen.storyboard; sourceTree = "<group>"; };
		B8F21CA31C8B12A500CD06E9 /* Base */ = {isa = PBXFileReference; lastKnownFileType = file.storyboard; name = Base; path = Base.lproj/Main.storyboard; sourceTree = "<group>"; };
		B8F21CA61C8B12A500CD06E9 /* Header.h */ = {isa = PBXFileReference; fileEncoding = 4; lastKnownFileType = sourcecode.c.h; path = Header.h; sourceTree = "<group>"; };
		B8F21CA81C8B12A500CD06E9 /* InformationManager.h */ = {isa = PBXFileReference; fileEncoding = 4; lastKnownFileType = sourcecode.c.h; path = InformationManager.h; sourceTree = "<group>"; };
		B8F21CA91C8B12A500CD06E9 /* InformationManager.m */ = {isa = PBXFileReference; fileEncoding = 4; lastKnownFileType = sourcecode.c.objc; path = InformationManager.m; sourceTree = "<group>"; };
		B8F21CAA1C8B12A500CD06E9 /* MotorcycleTypeManager.h */ = {isa = PBXFileReference; fileEncoding = 4; lastKnownFileType = sourcecode.c.h; path = MotorcycleTypeManager.h; sourceTree = "<group>"; };
		B8F21CAB1C8B12A500CD06E9 /* MotorcycleTypeManager.m */ = {isa = PBXFileReference; fileEncoding = 4; lastKnownFileType = sourcecode.c.objc; path = MotorcycleTypeManager.m; sourceTree = "<group>"; };
		B8F21CAD1C8B12A500CD06E9 /* MKAnnotationView+WebCache.h */ = {isa = PBXFileReference; fileEncoding = 4; lastKnownFileType = sourcecode.c.h; path = "MKAnnotationView+WebCache.h"; sourceTree = "<group>"; };
		B8F21CAE1C8B12A500CD06E9 /* MKAnnotationView+WebCache.m */ = {isa = PBXFileReference; fileEncoding = 4; lastKnownFileType = sourcecode.c.objc; path = "MKAnnotationView+WebCache.m"; sourceTree = "<group>"; };
		B8F21CAF1C8B12A500CD06E9 /* NSData+ImageContentType.h */ = {isa = PBXFileReference; fileEncoding = 4; lastKnownFileType = sourcecode.c.h; path = "NSData+ImageContentType.h"; sourceTree = "<group>"; };
		B8F21CB01C8B12A500CD06E9 /* NSData+ImageContentType.m */ = {isa = PBXFileReference; fileEncoding = 4; lastKnownFileType = sourcecode.c.objc; path = "NSData+ImageContentType.m"; sourceTree = "<group>"; };
		B8F21CB11C8B12A500CD06E9 /* SDImageCache.h */ = {isa = PBXFileReference; fileEncoding = 4; lastKnownFileType = sourcecode.c.h; path = SDImageCache.h; sourceTree = "<group>"; };
		B8F21CB21C8B12A500CD06E9 /* SDImageCache.m */ = {isa = PBXFileReference; fileEncoding = 4; lastKnownFileType = sourcecode.c.objc; path = SDImageCache.m; sourceTree = "<group>"; };
		B8F21CB31C8B12A500CD06E9 /* SDWebImageCompat.h */ = {isa = PBXFileReference; fileEncoding = 4; lastKnownFileType = sourcecode.c.h; path = SDWebImageCompat.h; sourceTree = "<group>"; };
		B8F21CB41C8B12A500CD06E9 /* SDWebImageCompat.m */ = {isa = PBXFileReference; fileEncoding = 4; lastKnownFileType = sourcecode.c.objc; path = SDWebImageCompat.m; sourceTree = "<group>"; };
		B8F21CB51C8B12A500CD06E9 /* SDWebImageDecoder.h */ = {isa = PBXFileReference; fileEncoding = 4; lastKnownFileType = sourcecode.c.h; path = SDWebImageDecoder.h; sourceTree = "<group>"; };
		B8F21CB61C8B12A500CD06E9 /* SDWebImageDecoder.m */ = {isa = PBXFileReference; fileEncoding = 4; lastKnownFileType = sourcecode.c.objc; path = SDWebImageDecoder.m; sourceTree = "<group>"; };
		B8F21CB71C8B12A500CD06E9 /* SDWebImageDownloader.h */ = {isa = PBXFileReference; fileEncoding = 4; lastKnownFileType = sourcecode.c.h; path = SDWebImageDownloader.h; sourceTree = "<group>"; };
		B8F21CB81C8B12A500CD06E9 /* SDWebImageDownloader.m */ = {isa = PBXFileReference; fileEncoding = 4; lastKnownFileType = sourcecode.c.objc; path = SDWebImageDownloader.m; sourceTree = "<group>"; };
		B8F21CB91C8B12A500CD06E9 /* SDWebImageDownloaderOperation.h */ = {isa = PBXFileReference; fileEncoding = 4; lastKnownFileType = sourcecode.c.h; path = SDWebImageDownloaderOperation.h; sourceTree = "<group>"; };
		B8F21CBA1C8B12A500CD06E9 /* SDWebImageDownloaderOperation.m */ = {isa = PBXFileReference; fileEncoding = 4; lastKnownFileType = sourcecode.c.objc; path = SDWebImageDownloaderOperation.m; sourceTree = "<group>"; };
		B8F21CBB1C8B12A500CD06E9 /* SDWebImageManager.h */ = {isa = PBXFileReference; fileEncoding = 4; lastKnownFileType = sourcecode.c.h; path = SDWebImageManager.h; sourceTree = "<group>"; };
		B8F21CBC1C8B12A500CD06E9 /* SDWebImageManager.m */ = {isa = PBXFileReference; fileEncoding = 4; lastKnownFileType = sourcecode.c.objc; path = SDWebImageManager.m; sourceTree = "<group>"; };
		B8F21CBD1C8B12A500CD06E9 /* SDWebImageOperation.h */ = {isa = PBXFileReference; fileEncoding = 4; lastKnownFileType = sourcecode.c.h; path = SDWebImageOperation.h; sourceTree = "<group>"; };
		B8F21CBE1C8B12A500CD06E9 /* SDWebImagePrefetcher.h */ = {isa = PBXFileReference; fileEncoding = 4; lastKnownFileType = sourcecode.c.h; path = SDWebImagePrefetcher.h; sourceTree = "<group>"; };
		B8F21CBF1C8B12A500CD06E9 /* SDWebImagePrefetcher.m */ = {isa = PBXFileReference; fileEncoding = 4; lastKnownFileType = sourcecode.c.objc; path = SDWebImagePrefetcher.m; sourceTree = "<group>"; };
		B8F21CC01C8B12A500CD06E9 /* UIButton+WebCache.h */ = {isa = PBXFileReference; fileEncoding = 4; lastKnownFileType = sourcecode.c.h; path = "UIButton+WebCache.h"; sourceTree = "<group>"; };
		B8F21CC11C8B12A500CD06E9 /* UIButton+WebCache.m */ = {isa = PBXFileReference; fileEncoding = 4; lastKnownFileType = sourcecode.c.objc; path = "UIButton+WebCache.m"; sourceTree = "<group>"; };
		B8F21CC21C8B12A500CD06E9 /* UIImage+GIF.h */ = {isa = PBXFileReference; fileEncoding = 4; lastKnownFileType = sourcecode.c.h; path = "UIImage+GIF.h"; sourceTree = "<group>"; };
		B8F21CC31C8B12A500CD06E9 /* UIImage+GIF.m */ = {isa = PBXFileReference; fileEncoding = 4; lastKnownFileType = sourcecode.c.objc; path = "UIImage+GIF.m"; sourceTree = "<group>"; };
		B8F21CC41C8B12A500CD06E9 /* UIImage+MultiFormat.h */ = {isa = PBXFileReference; fileEncoding = 4; lastKnownFileType = sourcecode.c.h; path = "UIImage+MultiFormat.h"; sourceTree = "<group>"; };
		B8F21CC51C8B12A500CD06E9 /* UIImage+MultiFormat.m */ = {isa = PBXFileReference; fileEncoding = 4; lastKnownFileType = sourcecode.c.objc; path = "UIImage+MultiFormat.m"; sourceTree = "<group>"; };
		B8F21CC61C8B12A500CD06E9 /* UIImage+WebP.h */ = {isa = PBXFileReference; fileEncoding = 4; lastKnownFileType = sourcecode.c.h; path = "UIImage+WebP.h"; sourceTree = "<group>"; };
		B8F21CC71C8B12A500CD06E9 /* UIImage+WebP.m */ = {isa = PBXFileReference; fileEncoding = 4; lastKnownFileType = sourcecode.c.objc; path = "UIImage+WebP.m"; sourceTree = "<group>"; };
		B8F21CC81C8B12A500CD06E9 /* UIImageView+HighlightedWebCache.h */ = {isa = PBXFileReference; fileEncoding = 4; lastKnownFileType = sourcecode.c.h; path = "UIImageView+HighlightedWebCache.h"; sourceTree = "<group>"; };
		B8F21CC91C8B12A500CD06E9 /* UIImageView+HighlightedWebCache.m */ = {isa = PBXFileReference; fileEncoding = 4; lastKnownFileType = sourcecode.c.objc; path = "UIImageView+HighlightedWebCache.m"; sourceTree = "<group>"; };
		B8F21CCA1C8B12A500CD06E9 /* UIImageView+WebCache.h */ = {isa = PBXFileReference; fileEncoding = 4; lastKnownFileType = sourcecode.c.h; path = "UIImageView+WebCache.h"; sourceTree = "<group>"; };
		B8F21CCB1C8B12A500CD06E9 /* UIImageView+WebCache.m */ = {isa = PBXFileReference; fileEncoding = 4; lastKnownFileType = sourcecode.c.objc; path = "UIImageView+WebCache.m"; sourceTree = "<group>"; };
		B8F21CCC1C8B12A500CD06E9 /* UIView+WebCacheOperation.h */ = {isa = PBXFileReference; fileEncoding = 4; lastKnownFileType = sourcecode.c.h; path = "UIView+WebCacheOperation.h"; sourceTree = "<group>"; };
		B8F21CCD1C8B12A500CD06E9 /* UIView+WebCacheOperation.m */ = {isa = PBXFileReference; fileEncoding = 4; lastKnownFileType = sourcecode.c.objc; path = "UIView+WebCacheOperation.m"; sourceTree = "<group>"; };
		B8F21CCF1C8B12A500CD06E9 /* 52.jpg */ = {isa = PBXFileReference; lastKnownFileType = image.jpeg; path = 52.jpg; sourceTree = "<group>"; };
		B8F21CD01C8B12A500CD06E9 /* ChaiCheModel.h */ = {isa = PBXFileReference; fileEncoding = 4; lastKnownFileType = sourcecode.c.h; path = ChaiCheModel.h; sourceTree = "<group>"; };
		B8F21CD11C8B12A500CD06E9 /* ChaiCheModel.m */ = {isa = PBXFileReference; fileEncoding = 4; lastKnownFileType = sourcecode.c.objc; path = ChaiCheModel.m; sourceTree = "<group>"; };
		B8F21CD21C8B12A500CD06E9 /* DetailModel.h */ = {isa = PBXFileReference; fileEncoding = 4; lastKnownFileType = sourcecode.c.h; path = DetailModel.h; sourceTree = "<group>"; };
		B8F21CD31C8B12A500CD06E9 /* DetailModel.m */ = {isa = PBXFileReference; fileEncoding = 4; lastKnownFileType = sourcecode.c.objc; path = DetailModel.m; sourceTree = "<group>"; };
		B8F21CD41C8B12A500CD06E9 /* InformationModel.h */ = {isa = PBXFileReference; fileEncoding = 4; lastKnownFileType = sourcecode.c.h; path = InformationModel.h; sourceTree = "<group>"; };
		B8F21CD51C8B12A500CD06E9 /* InformationModel.m */ = {isa = PBXFileReference; fileEncoding = 4; lastKnownFileType = sourcecode.c.objc; path = InformationModel.m; sourceTree = "<group>"; };
		B8F21CD61C8B12A500CD06E9 /* MotorcycleTypeModel.h */ = {isa = PBXFileReference; fileEncoding = 4; lastKnownFileType = sourcecode.c.h; path = MotorcycleTypeModel.h; sourceTree = "<group>"; };
		B8F21CD71C8B12A500CD06E9 /* MotorcycleTypeModel.m */ = {isa = PBXFileReference; fileEncoding = 4; lastKnownFileType = sourcecode.c.objc; path = MotorcycleTypeModel.m; sourceTree = "<group>"; };
		B8F21CD81C8B12A500CD06E9 /* PictureModel.h */ = {isa = PBXFileReference; fileEncoding = 4; lastKnownFileType = sourcecode.c.h; path = PictureModel.h; sourceTree = "<group>"; };
		B8F21CD91C8B12A500CD06E9 /* PictureModel.m */ = {isa = PBXFileReference; fileEncoding = 4; lastKnownFileType = sourcecode.c.objc; path = PictureModel.m; sourceTree = "<group>"; };
		B8F21CDB1C8B12A500CD06E9 /* 上一张.png */ = {isa = PBXFileReference; lastKnownFileType = image.png; path = "上一张.png"; sourceTree = "<group>"; };
		B8F21CDC1C8B12A500CD06E9 /* 下一张.png */ = {isa = PBXFileReference; lastKnownFileType = image.png; path = "下一张.png"; sourceTree = "<group>"; };
		B8F21CDD1C8B12A500CD06E9 /* 图片.png */ = {isa = PBXFileReference; lastKnownFileType = image.png; path = "图片.png"; sourceTree = "<group>"; };
		B8F21CDE1C8B12A500CD06E9 /* 我的.png */ = {isa = PBXFileReference; lastKnownFileType = image.png; path = "我的.png"; sourceTree = "<group>"; };
		B8F21CDF1C8B12A500CD06E9 /* 拆车坊.png */ = {isa = PBXFileReference; lastKnownFileType = image.png; path = "拆车坊.png"; sourceTree = "<group>"; };
		B8F21CE01C8B12A500CD06E9 /* 添加.png */ = {isa = PBXFileReference; lastKnownFileType = image.png; path = "添加.png"; sourceTree = "<group>"; };
		B8F21CE11C8B12A500CD06E9 /* 资讯.png */ = {isa = PBXFileReference; lastKnownFileType = image.png; path = "资讯.png"; sourceTree = "<group>"; };
		B8F21CE21C8B12A500CD06E9 /* 车型.png */ = {isa = PBXFileReference; lastKnownFileType = image.png; path = "车型.png"; sourceTree = "<group>"; };
		B8F21CE51C8B12A500CD06E9 /* 8879-11091423105869.jpg */ = {isa = PBXFileReference; lastKnownFileType = image.jpeg; path = "8879-11091423105869.jpg"; sourceTree = "<group>"; };
		B8F21CE71C8B12A500CD06E9 /* 1.jpg */ = {isa = PBXFileReference; lastKnownFileType = image.jpeg; path = 1.jpg; sourceTree = "<group>"; };
		B8F21CE81C8B12A500CD06E9 /* 2.jpg */ = {isa = PBXFileReference; lastKnownFileType = image.jpeg; path = 2.jpg; sourceTree = "<group>"; };
		B8F21CE91C8B12A500CD06E9 /* 3.jpg */ = {isa = PBXFileReference; lastKnownFileType = image.jpeg; path = 3.jpg; sourceTree = "<group>"; };
		B8F21CEA1C8B12A500CD06E9 /* ChaiCheTableViewCell.h */ = {isa = PBXFileReference; fileEncoding = 4; lastKnownFileType = sourcecode.c.h; path = ChaiCheTableViewCell.h; sourceTree = "<group>"; };
		B8F21CEB1C8B12A500CD06E9 /* ChaiCheTableViewCell.m */ = {isa = PBXFileReference; fileEncoding = 4; lastKnownFileType = sourcecode.c.objc; path = ChaiCheTableViewCell.m; sourceTree = "<group>"; };
		B8F21CEC1C8B12A500CD06E9 /* ChaiCheTableViewCell.xib */ = {isa = PBXFileReference; fileEncoding = 4; lastKnownFileType = file.xib; path = ChaiCheTableViewCell.xib; sourceTree = "<group>"; };
		B8F21CED1C8B12A500CD06E9 /* ChaiViewController.h */ = {isa = PBXFileReference; fileEncoding = 4; lastKnownFileType = sourcecode.c.h; path = ChaiViewController.h; sourceTree = "<group>"; };
		B8F21CEE1C8B12A500CD06E9 /* ChaiViewController.m */ = {isa = PBXFileReference; fileEncoding = 4; lastKnownFileType = sourcecode.c.objc; path = ChaiViewController.m; sourceTree = "<group>"; };
		B8F21CEF1C8B12A500CD06E9 /* DetailViewController.h */ = {isa = PBXFileReference; fileEncoding = 4; lastKnownFileType = sourcecode.c.h; path = DetailViewController.h; sourceTree = "<group>"; };
		B8F21CF01C8B12A500CD06E9 /* DetailViewController.m */ = {isa = PBXFileReference; fileEncoding = 4; lastKnownFileType = sourcecode.c.objc; path = DetailViewController.m; sourceTree = "<group>"; };
		B8F21CF11C8B12A500CD06E9 /* MineViewController.h */ = {isa = PBXFileReference; fileEncoding = 4; lastKnownFileType = sourcecode.c.h; path = MineViewController.h; sourceTree = "<group>"; };
		B8F21CF21C8B12A500CD06E9 /* MineViewController.m */ = {isa = PBXFileReference; fileEncoding = 4; lastKnownFileType = sourcecode.c.objc; path = MineViewController.m; sourceTree = "<group>"; };
		B8F21CF31C8B12A500CD06E9 /* moroCycleTableViewCell.h */ = {isa = PBXFileReference; fileEncoding = 4; lastKnownFileType = sourcecode.c.h; path = moroCycleTableViewCell.h; sourceTree = "<group>"; };
		B8F21CF41C8B12A500CD06E9 /* moroCycleTableViewCell.m */ = {isa = PBXFileReference; fileEncoding = 4; lastKnownFileType = sourcecode.c.objc; path = moroCycleTableViewCell.m; sourceTree = "<group>"; };
		B8F21CF51C8B12A500CD06E9 /* moroCycleTableViewCell.xib */ = {isa = PBXFileReference; fileEncoding = 4; lastKnownFileType = file.xib; path = moroCycleTableViewCell.xib; sourceTree = "<group>"; };
		B8F21CF61C8B12A500CD06E9 /* moroManger.h */ = {isa = PBXFileReference; fileEncoding = 4; lastKnownFileType = sourcecode.c.h; path = moroManger.h; sourceTree = "<group>"; };
		B8F21CF71C8B12A500CD06E9 /* moroManger.m */ = {isa = PBXFileReference; fileEncoding = 4; lastKnownFileType = sourcecode.c.objc; path = moroManger.m; sourceTree = "<group>"; };
		B8F21CF81C8B12A500CD06E9 /* moroModel.h */ = {isa = PBXFileReference; fileEncoding = 4; lastKnownFileType = sourcecode.c.h; path = moroModel.h; sourceTree = "<group>"; };
		B8F21CF91C8B12A500CD06E9 /* moroModel.m */ = {isa = PBXFileReference; fileEncoding = 4; lastKnownFileType = sourcecode.c.objc; path = moroModel.m; sourceTree = "<group>"; };
		B8F21CFA1C8B12A500CD06E9 /* morosManger.h */ = {isa = PBXFileReference; fileEncoding = 4; lastKnownFileType = sourcecode.c.h; path = morosManger.h; sourceTree = "<group>"; };
		B8F21CFB1C8B12A500CD06E9 /* morosManger.m */ = {isa = PBXFileReference; fileEncoding = 4; lastKnownFileType = sourcecode.c.objc; path = morosManger.m; sourceTree = "<group>"; };
		B8F21CFC1C8B12A500CD06E9 /* morosModel.h */ = {isa = PBXFileReference; fileEncoding = 4; lastKnownFileType = sourcecode.c.h; path = morosModel.h; sourceTree = "<group>"; };
		B8F21CFD1C8B12A500CD06E9 /* morosModel.m */ = {isa = PBXFileReference; fileEncoding = 4; lastKnownFileType = sourcecode.c.objc; path = morosModel.m; sourceTree = "<group>"; };
		B8F21CFE1C8B12A500CD06E9 /* mosCycleTableViewCell.h */ = {isa = PBXFileReference; fileEncoding = 4; lastKnownFileType = sourcecode.c.h; path = mosCycleTableViewCell.h; sourceTree = "<group>"; };
		B8F21CFF1C8B12A500CD06E9 /* mosCycleTableViewCell.m */ = {isa = PBXFileReference; fileEncoding = 4; lastKnownFileType = sourcecode.c.objc; path = mosCycleTableViewCell.m; sourceTree = "<group>"; };
		B8F21D001C8B12A500CD06E9 /* mosCycleTableViewCell.xib */ = {isa = PBXFileReference; fileEncoding = 4; lastKnownFileType = file.xib; path = mosCycleTableViewCell.xib; sourceTree = "<group>"; };
		B8F21D011C8B12A500CD06E9 /* mThirdViewController.h */ = {isa = PBXFileReference; fileEncoding = 4; lastKnownFileType = sourcecode.c.h; path = mThirdViewController.h; sourceTree = "<group>"; };
		B8F21D021C8B12A500CD06E9 /* mThirdViewController.m */ = {isa = PBXFileReference; fileEncoding = 4; lastKnownFileType = sourcecode.c.objc; path = mThirdViewController.m; sourceTree = "<group>"; };
		B8F21D031C8B12A500CD06E9 /* mThirdViewController.xib */ = {isa = PBXFileReference; fileEncoding = 4; lastKnownFileType = file.xib; path = mThirdViewController.xib; sourceTree = "<group>"; };
		B8F21D041C8B12A500CD06E9 /* PictureViewController.h */ = {isa = PBXFileReference; fileEncoding = 4; lastKnownFileType = sourcecode.c.h; path = PictureViewController.h; sourceTree = "<group>"; };
		B8F21D051C8B12A500CD06E9 /* PictureViewController.m */ = {isa = PBXFileReference; fileEncoding = 4; lastKnownFileType = sourcecode.c.objc; path = PictureViewController.m; sourceTree = "<group>"; };
		B8F21D061C8B12A500CD06E9 /* SYHNetTools.h */ = {isa = PBXFileReference; fileEncoding = 4; lastKnownFileType = sourcecode.c.h; path = SYHNetTools.h; sourceTree = "<group>"; };
		B8F21D071C8B12A500CD06E9 /* SYHNetTools.m */ = {isa = PBXFileReference; fileEncoding = 4; lastKnownFileType = sourcecode.c.objc; path = SYHNetTools.m; sourceTree = "<group>"; };
		B8F21D081C8B12A500CD06E9 /* WebViewController.h */ = {isa = PBXFileReference; fileEncoding = 4; lastKnownFileType = sourcecode.c.h; path = WebViewController.h; sourceTree = "<group>"; };
		B8F21D091C8B12A500CD06E9 /* WebViewController.m */ = {isa = PBXFileReference; fileEncoding = 4; lastKnownFileType = sourcecode.c.objc; path = WebViewController.m; sourceTree = "<group>"; };
		B8F21D0C1C8B12A500CD06E9 /* 8879-11091423105869.jpg */ = {isa = PBXFileReference; lastKnownFileType = image.jpeg; path = "8879-11091423105869.jpg"; sourceTree = "<group>"; };
		B8F21D0E1C8B12A500CD06E9 /* 10.png */ = {isa = PBXFileReference; lastKnownFileType = image.png; path = 10.png; sourceTree = "<group>"; };
		B8F21D0F1C8B12A500CD06E9 /* InformationTableViewCell.h */ = {isa = PBXFileReference; fileEncoding = 4; lastKnownFileType = sourcecode.c.h; path = InformationTableViewCell.h; sourceTree = "<group>"; };
		B8F21D101C8B12A500CD06E9 /* InformationTableViewCell.m */ = {isa = PBXFileReference; fileEncoding = 4; lastKnownFileType = sourcecode.c.objc; path = InformationTableViewCell.m; sourceTree = "<group>"; };
		B8F21D111C8B12A500CD06E9 /* InformationTableViewCell.xib */ = {isa = PBXFileReference; fileEncoding = 4; lastKnownFileType = file.xib; path = InformationTableViewCell.xib; sourceTree = "<group>"; };
		B8F21D121C8B12A500CD06E9 /* informationViewController.h */ = {isa = PBXFileReference; fileEncoding = 4; lastKnownFileType = sourcecode.c.h; path = informationViewController.h; sourceTree = "<group>"; };
		B8F21D131C8B12A500CD06E9 /* informationViewController.m */ = {isa = PBXFileReference; fileEncoding = 4; lastKnownFileType = sourcecode.c.objc; path = informationViewController.m; sourceTree = "<group>"; };
		B8F21D141C8B12A500CD06E9 /* informationViewController.xib */ = {isa = PBXFileReference; fileEncoding = 4; lastKnownFileType = file.xib; path = informationViewController.xib; sourceTree = "<group>"; };
		B8F21D151C8B12A500CD06E9 /* MJRootView.h */ = {isa = PBXFileReference; fileEncoding = 4; lastKnownFileType = sourcecode.c.h; path = MJRootView.h; sourceTree = "<group>"; };
		B8F21D161C8B12A500CD06E9 /* MJRootView.m */ = {isa = PBXFileReference; fileEncoding = 4; lastKnownFileType = sourcecode.c.objc; path = MJRootView.m; sourceTree = "<group>"; };
		B8F21D171C8B12A500CD06E9 /* ModelCollectionViewCell.h */ = {isa = PBXFileReference; fileEncoding = 4; lastKnownFileType = sourcecode.c.h; path = ModelCollectionViewCell.h; sourceTree = "<group>"; };
		B8F21D181C8B12A500CD06E9 /* ModelCollectionViewCell.m */ = {isa = PBXFileReference; fileEncoding = 4; lastKnownFileType = sourcecode.c.objc; path = ModelCollectionViewCell.m; sourceTree = "<group>"; };
		B8F21D191C8B12A500CD06E9 /* motorcycleTypeViewController.h */ = {isa = PBXFileReference; fileEncoding = 4; lastKnownFileType = sourcecode.c.h; path = motorcycleTypeViewController.h; sourceTree = "<group>"; };
		B8F21D1A1C8B12A500CD06E9 /* motorcycleTypeViewController.m */ = {isa = PBXFileReference; fileEncoding = 4; lastKnownFileType = sourcecode.c.objc; path = motorcycleTypeViewController.m; sourceTree = "<group>"; };
		B8F21D1B1C8B12A500CD06E9 /* motorcycleTypeViewController.xib */ = {isa = PBXFileReference; fileEncoding = 4; lastKnownFileType = file.xib; path = motorcycleTypeViewController.xib; sourceTree = "<group>"; };
		B8F21D1C1C8B12A500CD06E9 /* RootViewController.h */ = {isa = PBXFileReference; fileEncoding = 4; lastKnownFileType = sourcecode.c.h; path = RootViewController.h; sourceTree = "<group>"; };
		B8F21D1D1C8B12A500CD06E9 /* RootViewController.m */ = {isa = PBXFileReference; fileEncoding = 4; lastKnownFileType = sourcecode.c.objc; path = RootViewController.m; sourceTree = "<group>"; };
		B8F21D1E1C8B12A500CD06E9 /* Info.plist */ = {isa = PBXFileReference; fileEncoding = 4; lastKnownFileType = text.plist.xml; path = Info.plist; sourceTree = "<group>"; };
		B8F21D1F1C8B12A500CD06E9 /* main.m */ = {isa = PBXFileReference; fileEncoding = 4; lastKnownFileType = sourcecode.c.objc; path = main.m; sourceTree = "<group>"; };
		B8F21D201C8B12A500CD06E9 /* ViewController.h */ = {isa = PBXFileReference; fileEncoding = 4; lastKnownFileType = sourcecode.c.h; path = ViewController.h; sourceTree = "<group>"; };
		B8F21D211C8B12A500CD06E9 /* ViewController.m */ = {isa = PBXFileReference; fileEncoding = 4; lastKnownFileType = sourcecode.c.objc; path = ViewController.m; sourceTree = "<group>"; };
		C2E25D9D1C854895003EF8F8 /* Car.app */ = {isa = PBXFileReference; explicitFileType = wrapper.application; includeInIndex = 0; path = Car.app; sourceTree = BUILT_PRODUCTS_DIR; };
/* End PBXFileReference section */

/* Begin PBXFrameworksBuildPhase section */
		C2E25D9A1C854895003EF8F8 /* Frameworks */ = {
			isa = PBXFrameworksBuildPhase;
			buildActionMask = 2147483647;
			files = (
			);
			runOnlyForDeploymentPostprocessing = 0;
		};
/* End PBXFrameworksBuildPhase section */

/* Begin PBXGroup section */
		B8F21C9C1C8B12A500CD06E9 /* Car */ = {
			isa = PBXGroup;
			children = (
				B8F21C9D1C8B12A500CD06E9 /* AppDelegate.h */,
				B8F21C9E1C8B12A500CD06E9 /* AppDelegate.m */,
				B8F21C9F1C8B12A500CD06E9 /* Assets.xcassets */,
				B8F21CA01C8B12A500CD06E9 /* LaunchScreen.storyboard */,
				B8F21CA21C8B12A500CD06E9 /* Main.storyboard */,
				B8F21CA41C8B12A500CD06E9 /* Class */,
				B8F21D1E1C8B12A500CD06E9 /* Info.plist */,
				B8F21D1F1C8B12A500CD06E9 /* main.m */,
				B8F21D201C8B12A500CD06E9 /* ViewController.h */,
				B8F21D211C8B12A500CD06E9 /* ViewController.m */,
			);
			path = Car;
			sourceTree = "<group>";
		};
		B8F21CA41C8B12A500CD06E9 /* Class */ = {
			isa = PBXGroup;
			children = (
				B8F21CA51C8B12A500CD06E9 /* Headers */,
				B8F21CA71C8B12A500CD06E9 /* Helpers */,
				B8F21CCE1C8B12A500CD06E9 /* Models */,
				B8F21CDA1C8B12A500CD06E9 /* Resourses */,
				B8F21CE31C8B12A500CD06E9 /* ViewControllers */,
				B8F21D0A1C8B12A500CD06E9 /* Views */,
			);
			path = Class;
			sourceTree = "<group>";
		};
		B8F21CA51C8B12A500CD06E9 /* Headers */ = {
			isa = PBXGroup;
			children = (
				B8F21CA61C8B12A500CD06E9 /* Header.h */,
			);
			path = Headers;
			sourceTree = "<group>";
		};
		B8F21CA71C8B12A500CD06E9 /* Helpers */ = {
			isa = PBXGroup;
			children = (
				B8F21CA81C8B12A500CD06E9 /* InformationManager.h */,
				B8F21CA91C8B12A500CD06E9 /* InformationManager.m */,
				B8F21CAA1C8B12A500CD06E9 /* MotorcycleTypeManager.h */,
				B8F21CAB1C8B12A500CD06E9 /* MotorcycleTypeManager.m */,
				B8F21CAC1C8B12A500CD06E9 /* SDWebImage */,
			);
			path = Helpers;
			sourceTree = "<group>";
		};
		B8F21CAC1C8B12A500CD06E9 /* SDWebImage */ = {
			isa = PBXGroup;
			children = (
				B8F21CAD1C8B12A500CD06E9 /* MKAnnotationView+WebCache.h */,
				B8F21CAE1C8B12A500CD06E9 /* MKAnnotationView+WebCache.m */,
				B8F21CAF1C8B12A500CD06E9 /* NSData+ImageContentType.h */,
				B8F21CB01C8B12A500CD06E9 /* NSData+ImageContentType.m */,
				B8F21CB11C8B12A500CD06E9 /* SDImageCache.h */,
				B8F21CB21C8B12A500CD06E9 /* SDImageCache.m */,
				B8F21CB31C8B12A500CD06E9 /* SDWebImageCompat.h */,
				B8F21CB41C8B12A500CD06E9 /* SDWebImageCompat.m */,
				B8F21CB51C8B12A500CD06E9 /* SDWebImageDecoder.h */,
				B8F21CB61C8B12A500CD06E9 /* SDWebImageDecoder.m */,
				B8F21CB71C8B12A500CD06E9 /* SDWebImageDownloader.h */,
				B8F21CB81C8B12A500CD06E9 /* SDWebImageDownloader.m */,
				B8F21CB91C8B12A500CD06E9 /* SDWebImageDownloaderOperation.h */,
				B8F21CBA1C8B12A500CD06E9 /* SDWebImageDownloaderOperation.m */,
				B8F21CBB1C8B12A500CD06E9 /* SDWebImageManager.h */,
				B8F21CBC1C8B12A500CD06E9 /* SDWebImageManager.m */,
				B8F21CBD1C8B12A500CD06E9 /* SDWebImageOperation.h */,
				B8F21CBE1C8B12A500CD06E9 /* SDWebImagePrefetcher.h */,
				B8F21CBF1C8B12A500CD06E9 /* SDWebImagePrefetcher.m */,
				B8F21CC01C8B12A500CD06E9 /* UIButton+WebCache.h */,
				B8F21CC11C8B12A500CD06E9 /* UIButton+WebCache.m */,
				B8F21CC21C8B12A500CD06E9 /* UIImage+GIF.h */,
				B8F21CC31C8B12A500CD06E9 /* UIImage+GIF.m */,
				B8F21CC41C8B12A500CD06E9 /* UIImage+MultiFormat.h */,
				B8F21CC51C8B12A500CD06E9 /* UIImage+MultiFormat.m */,
				B8F21CC61C8B12A500CD06E9 /* UIImage+WebP.h */,
				B8F21CC71C8B12A500CD06E9 /* UIImage+WebP.m */,
				B8F21CC81C8B12A500CD06E9 /* UIImageView+HighlightedWebCache.h */,
				B8F21CC91C8B12A500CD06E9 /* UIImageView+HighlightedWebCache.m */,
				B8F21CCA1C8B12A500CD06E9 /* UIImageView+WebCache.h */,
				B8F21CCB1C8B12A500CD06E9 /* UIImageView+WebCache.m */,
				B8F21CCC1C8B12A500CD06E9 /* UIView+WebCacheOperation.h */,
				B8F21CCD1C8B12A500CD06E9 /* UIView+WebCacheOperation.m */,
			);
			path = SDWebImage;
			sourceTree = "<group>";
		};
		B8F21CCE1C8B12A500CD06E9 /* Models */ = {
			isa = PBXGroup;
			children = (
				B8F21CCF1C8B12A500CD06E9 /* 52.jpg */,
				B8F21CD01C8B12A500CD06E9 /* ChaiCheModel.h */,
				B8F21CD11C8B12A500CD06E9 /* ChaiCheModel.m */,
				B8F21CD21C8B12A500CD06E9 /* DetailModel.h */,
				B8F21CD31C8B12A500CD06E9 /* DetailModel.m */,
				B8F21CD41C8B12A500CD06E9 /* InformationModel.h */,
				B8F21CD51C8B12A500CD06E9 /* InformationModel.m */,
				B8F21CD61C8B12A500CD06E9 /* MotorcycleTypeModel.h */,
				B8F21CD71C8B12A500CD06E9 /* MotorcycleTypeModel.m */,
				B8F21CD81C8B12A500CD06E9 /* PictureModel.h */,
				B8F21CD91C8B12A500CD06E9 /* PictureModel.m */,
			);
			path = Models;
			sourceTree = "<group>";
		};
		B8F21CDA1C8B12A500CD06E9 /* Resourses */ = {
			isa = PBXGroup;
			children = (
				B8F21CDB1C8B12A500CD06E9 /* 上一张.png */,
				B8F21CDC1C8B12A500CD06E9 /* 下一张.png */,
				B8F21CDD1C8B12A500CD06E9 /* 图片.png */,
				B8F21CDE1C8B12A500CD06E9 /* 我的.png */,
				B8F21CDF1C8B12A500CD06E9 /* 拆车坊.png */,
				B8F21CE01C8B12A500CD06E9 /* 添加.png */,
				B8F21CE11C8B12A500CD06E9 /* 资讯.png */,
				B8F21CE21C8B12A500CD06E9 /* 车型.png */,
			);
			path = Resourses;
			sourceTree = "<group>";
		};
		B8F21CE31C8B12A500CD06E9 /* ViewControllers */ = {
			isa = PBXGroup;
			children = (
				B8F21CE41C8B12A500CD06E9 /* BaseViewControllers */,
				B8F21CE61C8B12A500CD06E9 /* NormalViewControllers */,
			);
			path = ViewControllers;
			sourceTree = "<group>";
		};
		B8F21CE41C8B12A500CD06E9 /* BaseViewControllers */ = {
			isa = PBXGroup;
			children = (
				B8F21CE51C8B12A500CD06E9 /* 8879-11091423105869.jpg */,
			);
			path = BaseViewControllers;
			sourceTree = "<group>";
		};
		B8F21CE61C8B12A500CD06E9 /* NormalViewControllers */ = {
			isa = PBXGroup;
			children = (
				B8F21CE71C8B12A500CD06E9 /* 1.jpg */,
				B8F21CE81C8B12A500CD06E9 /* 2.jpg */,
				B8F21CE91C8B12A500CD06E9 /* 3.jpg */,
				B8F21CEA1C8B12A500CD06E9 /* ChaiCheTableViewCell.h */,
				B8F21CEB1C8B12A500CD06E9 /* ChaiCheTableViewCell.m */,
				B8F21CEC1C8B12A500CD06E9 /* ChaiCheTableViewCell.xib */,
				B8F21CED1C8B12A500CD06E9 /* ChaiViewController.h */,
				B8F21CEE1C8B12A500CD06E9 /* ChaiViewController.m */,
				B8F21CEF1C8B12A500CD06E9 /* DetailViewController.h */,
				B8F21CF01C8B12A500CD06E9 /* DetailViewController.m */,
				B8F21CF11C8B12A500CD06E9 /* MineViewController.h */,
				B8F21CF21C8B12A500CD06E9 /* MineViewController.m */,
				B8F21CF31C8B12A500CD06E9 /* moroCycleTableViewCell.h */,
				B8F21CF41C8B12A500CD06E9 /* moroCycleTableViewCell.m */,
				B8F21CF51C8B12A500CD06E9 /* moroCycleTableViewCell.xib */,
				B8F21CF61C8B12A500CD06E9 /* moroManger.h */,
				B8F21CF71C8B12A500CD06E9 /* moroManger.m */,
				B8F21CF81C8B12A500CD06E9 /* moroModel.h */,
				B8F21CF91C8B12A500CD06E9 /* moroModel.m */,
				B8F21CFA1C8B12A500CD06E9 /* morosManger.h */,
				B8F21CFB1C8B12A500CD06E9 /* morosManger.m */,
				B8F21CFC1C8B12A500CD06E9 /* morosModel.h */,
				B8F21CFD1C8B12A500CD06E9 /* morosModel.m */,
				B8F21CFE1C8B12A500CD06E9 /* mosCycleTableViewCell.h */,
				B8F21CFF1C8B12A500CD06E9 /* mosCycleTableViewCell.m */,
				B8F21D001C8B12A500CD06E9 /* mosCycleTableViewCell.xib */,
				B8F21D011C8B12A500CD06E9 /* mThirdViewController.h */,
				B8F21D021C8B12A500CD06E9 /* mThirdViewController.m */,
				B8F21D031C8B12A500CD06E9 /* mThirdViewController.xib */,
				B8F21D041C8B12A500CD06E9 /* PictureViewController.h */,
				B8F21D051C8B12A500CD06E9 /* PictureViewController.m */,
				B8F21D061C8B12A500CD06E9 /* SYHNetTools.h */,
				B8F21D071C8B12A500CD06E9 /* SYHNetTools.m */,
				B8F21D081C8B12A500CD06E9 /* WebViewController.h */,
				B8F21D091C8B12A500CD06E9 /* WebViewController.m */,
			);
			path = NormalViewControllers;
			sourceTree = "<group>";
		};
		B8F21D0A1C8B12A500CD06E9 /* Views */ = {
			isa = PBXGroup;
			children = (
				B8F21D0B1C8B12A500CD06E9 /* BaseViews */,
				B8F21D0D1C8B12A500CD06E9 /* NormalViews */,
			);
			path = Views;
			sourceTree = "<group>";
		};
		B8F21D0B1C8B12A500CD06E9 /* BaseViews */ = {
			isa = PBXGroup;
			children = (
				B8F21D0C1C8B12A500CD06E9 /* 8879-11091423105869.jpg */,
			);
			path = BaseViews;
			sourceTree = "<group>";
		};
		B8F21D0D1C8B12A500CD06E9 /* NormalViews */ = {
			isa = PBXGroup;
			children = (
				B8F21D0E1C8B12A500CD06E9 /* 10.png */,
				B8F21D0F1C8B12A500CD06E9 /* InformationTableViewCell.h */,
				B8F21D101C8B12A500CD06E9 /* InformationTableViewCell.m */,
				B8F21D111C8B12A500CD06E9 /* InformationTableViewCell.xib */,
				B8F21D121C8B12A500CD06E9 /* informationViewController.h */,
				B8F21D131C8B12A500CD06E9 /* informationViewController.m */,
				B8F21D141C8B12A500CD06E9 /* informationViewController.xib */,
				B8F21D151C8B12A500CD06E9 /* MJRootView.h */,
				B8F21D161C8B12A500CD06E9 /* MJRootView.m */,
				B8F21D171C8B12A500CD06E9 /* ModelCollectionViewCell.h */,
				B8F21D181C8B12A500CD06E9 /* ModelCollectionViewCell.m */,
				B8F21D191C8B12A500CD06E9 /* motorcycleTypeViewController.h */,
				B8F21D1A1C8B12A500CD06E9 /* motorcycleTypeViewController.m */,
				B8F21D1B1C8B12A500CD06E9 /* motorcycleTypeViewController.xib */,
				B8F21D1C1C8B12A500CD06E9 /* RootViewController.h */,
				B8F21D1D1C8B12A500CD06E9 /* RootViewController.m */,
			);
			path = NormalViews;
			sourceTree = "<group>";
		};
		C2E25D941C854895003EF8F8 = {
			isa = PBXGroup;
			children = (
				B8F21C9C1C8B12A500CD06E9 /* Car */,
				C2E25D9E1C854895003EF8F8 /* Products */,
			);
			sourceTree = "<group>";
		};
		C2E25D9E1C854895003EF8F8 /* Products */ = {
			isa = PBXGroup;
			children = (
				C2E25D9D1C854895003EF8F8 /* Car.app */,
			);
			name = Products;
			sourceTree = "<group>";
		};
/* End PBXGroup section */

/* Begin PBXNativeTarget section */
		C2E25D9C1C854895003EF8F8 /* Car */ = {
			isa = PBXNativeTarget;
			buildConfigurationList = C2E25DB41C854895003EF8F8 /* Build configuration list for PBXNativeTarget "Car" */;
			buildPhases = (
				C2E25D991C854895003EF8F8 /* Sources */,
				C2E25D9A1C854895003EF8F8 /* Frameworks */,
				C2E25D9B1C854895003EF8F8 /* Resources */,
			);
			buildRules = (
			);
			dependencies = (
			);
			name = Car;
			productName = Car;
			productReference = C2E25D9D1C854895003EF8F8 /* Car.app */;
			productType = "com.apple.product-type.application";
		};
/* End PBXNativeTarget section */

/* Begin PBXProject section */
		C2E25D951C854895003EF8F8 /* Project object */ = {
			isa = PBXProject;
			attributes = {
				LastUpgradeCheck = 0720;
				ORGANIZATIONNAME = "麻静";
				TargetAttributes = {
					C2E25D9C1C854895003EF8F8 = {
						CreatedOnToolsVersion = 7.2;
					};
				};
			};
			buildConfigurationList = C2E25D981C854895003EF8F8 /* Build configuration list for PBXProject "Car" */;
			compatibilityVersion = "Xcode 3.2";
			developmentRegion = English;
			hasScannedForEncodings = 0;
			knownRegions = (
				en,
				Base,
			);
			mainGroup = C2E25D941C854895003EF8F8;
			productRefGroup = C2E25D9E1C854895003EF8F8 /* Products */;
			projectDirPath = "";
			projectRoot = "";
			targets = (
				C2E25D9C1C854895003EF8F8 /* Car */,
			);
		};
/* End PBXProject section */

/* Begin PBXResourcesBuildPhase section */
		C2E25D9B1C854895003EF8F8 /* Resources */ = {
			isa = PBXResourcesBuildPhase;
			buildActionMask = 2147483647;
			files = (
				B8F21D5C1C8B12A500CD06E9 /* 8879-11091423105869.jpg in Resources */,
				B8F21D431C8B12A500CD06E9 /* 添加.png in Resources */,
				B8F21D561C8B12A500CD06E9 /* mosCycleTableViewCell.xib in Resources */,
				B8F21D3E1C8B12A500CD06E9 /* 上一张.png in Resources */,
				B8F21D401C8B12A500CD06E9 /* 图片.png in Resources */,
				B8F21D381C8B12A500CD06E9 /* 52.jpg in Resources */,
				B8F21D651C8B12A500CD06E9 /* motorcycleTypeViewController.xib in Resources */,
				B8F21D421C8B12A500CD06E9 /* 拆车坊.png in Resources */,
				B8F21D251C8B12A500CD06E9 /* Main.storyboard in Resources */,
				B8F21D451C8B12A500CD06E9 /* 车型.png in Resources */,
				B8F21D491C8B12A500CD06E9 /* 3.jpg in Resources */,
				B8F21D5F1C8B12A500CD06E9 /* InformationTableViewCell.xib in Resources */,
				B8F21D671C8B12A500CD06E9 /* Info.plist in Resources */,
				B8F21D461C8B12A500CD06E9 /* 8879-11091423105869.jpg in Resources */,
				B8F21D501C8B12A500CD06E9 /* moroCycleTableViewCell.xib in Resources */,
				B8F21D3F1C8B12A500CD06E9 /* 下一张.png in Resources */,
				B8F21D581C8B12A500CD06E9 /* mThirdViewController.xib in Resources */,
				B8F21D5D1C8B12A500CD06E9 /* 10.png in Resources */,
				B8F21D231C8B12A500CD06E9 /* Assets.xcassets in Resources */,
				B8F21D411C8B12A500CD06E9 /* 我的.png in Resources */,
				B8F21D241C8B12A500CD06E9 /* LaunchScreen.storyboard in Resources */,
				B8F21D611C8B12A500CD06E9 /* informationViewController.xib in Resources */,
				B8F21D481C8B12A500CD06E9 /* 2.jpg in Resources */,
				B8F21D441C8B12A500CD06E9 /* 资讯.png in Resources */,
				B8F21D471C8B12A500CD06E9 /* 1.jpg in Resources */,
				B8F21D4B1C8B12A500CD06E9 /* ChaiCheTableViewCell.xib in Resources */,
			);
			runOnlyForDeploymentPostprocessing = 0;
		};
/* End PBXResourcesBuildPhase section */

/* Begin PBXSourcesBuildPhase section */
		C2E25D991C854895003EF8F8 /* Sources */ = {
			isa = PBXSourcesBuildPhase;
			buildActionMask = 2147483647;
			files = (
				B8F21D621C8B12A500CD06E9 /* MJRootView.m in Sources */,
				B8F21D4F1C8B12A500CD06E9 /* moroCycleTableViewCell.m in Sources */,
				B8F21D351C8B12A500CD06E9 /* UIImageView+HighlightedWebCache.m in Sources */,
				B8F21D291C8B12A500CD06E9 /* NSData+ImageContentType.m in Sources */,
				B8F21D4D1C8B12A500CD06E9 /* DetailViewController.m in Sources */,
				B8F21D3B1C8B12A500CD06E9 /* InformationModel.m in Sources */,
				B8F21D2F1C8B12A500CD06E9 /* SDWebImageManager.m in Sources */,
				B8F21D551C8B12A500CD06E9 /* mosCycleTableViewCell.m in Sources */,
				B8F21D5A1C8B12A500CD06E9 /* SYHNetTools.m in Sources */,
				B8F21D2D1C8B12A500CD06E9 /* SDWebImageDownloader.m in Sources */,
				B8F21D5E1C8B12A500CD06E9 /* InformationTableViewCell.m in Sources */,
				B8F21D341C8B12A500CD06E9 /* UIImage+WebP.m in Sources */,
				B8F21D601C8B12A500CD06E9 /* informationViewController.m in Sources */,
				B8F21D371C8B12A500CD06E9 /* UIView+WebCacheOperation.m in Sources */,
				B8F21D2A1C8B12A500CD06E9 /* SDImageCache.m in Sources */,
				B8F21D271C8B12A500CD06E9 /* MotorcycleTypeManager.m in Sources */,
				B8F21D281C8B12A500CD06E9 /* MKAnnotationView+WebCache.m in Sources */,
				B8F21D641C8B12A500CD06E9 /* motorcycleTypeViewController.m in Sources */,
				B8F21D661C8B12A500CD06E9 /* RootViewController.m in Sources */,
				B8F21D591C8B12A500CD06E9 /* PictureViewController.m in Sources */,
				B8F21D691C8B12A500CD06E9 /* ViewController.m in Sources */,
				B8F21D2C1C8B12A500CD06E9 /* SDWebImageDecoder.m in Sources */,
				B8F21D331C8B12A500CD06E9 /* UIImage+MultiFormat.m in Sources */,
				B8F21D3A1C8B12A500CD06E9 /* DetailModel.m in Sources */,
				B8F21D4C1C8B12A500CD06E9 /* ChaiViewController.m in Sources */,
				B8F21D4E1C8B12A500CD06E9 /* MineViewController.m in Sources */,
				B8F21D681C8B12A500CD06E9 /* main.m in Sources */,
				B8F21D391C8B12A500CD06E9 /* ChaiCheModel.m in Sources */,
				B8F21D5B1C8B12A500CD06E9 /* WebViewController.m in Sources */,
				B8F21D531C8B12A500CD06E9 /* morosManger.m in Sources */,
				B8F21D2E1C8B12A500CD06E9 /* SDWebImageDownloaderOperation.m in Sources */,
				B8F21D3C1C8B12A500CD06E9 /* MotorcycleTypeModel.m in Sources */,
				B8F21D571C8B12A500CD06E9 /* mThirdViewController.m in Sources */,
				B8F21D261C8B12A500CD06E9 /* InformationManager.m in Sources */,
				B8F21D541C8B12A500CD06E9 /* morosModel.m in Sources */,
				B8F21D311C8B12A500CD06E9 /* UIButton+WebCache.m in Sources */,
				B8F21D511C8B12A500CD06E9 /* moroManger.m in Sources */,
				B8F21D4A1C8B12A500CD06E9 /* ChaiCheTableViewCell.m in Sources */,
				B8F21D301C8B12A500CD06E9 /* SDWebImagePrefetcher.m in Sources */,
				B8F21D361C8B12A500CD06E9 /* UIImageView+WebCache.m in Sources */,
				B8F21D2B1C8B12A500CD06E9 /* SDWebImageCompat.m in Sources */,
				B8F21D321C8B12A500CD06E9 /* UIImage+GIF.m in Sources */,
				B8F21D631C8B12A500CD06E9 /* ModelCollectionViewCell.m in Sources */,
				B8F21D3D1C8B12A500CD06E9 /* PictureModel.m in Sources */,
				B8F21D221C8B12A500CD06E9 /* AppDelegate.m in Sources */,
				B8F21D521C8B12A500CD06E9 /* moroModel.m in Sources */,
			);
			runOnlyForDeploymentPostprocessing = 0;
		};
/* End PBXSourcesBuildPhase section */

/* Begin PBXVariantGroup section */
		B8F21CA01C8B12A500CD06E9 /* LaunchScreen.storyboard */ = {
			isa = PBXVariantGroup;
			children = (
				B8F21CA11C8B12A500CD06E9 /* Base */,
			);
			name = LaunchScreen.storyboard;
			sourceTree = "<group>";
		};
		B8F21CA21C8B12A500CD06E9 /* Main.storyboard */ = {
			isa = PBXVariantGroup;
			children = (
				B8F21CA31C8B12A500CD06E9 /* Base */,
			);
			name = Main.storyboard;
			sourceTree = "<group>";
		};
/* End PBXVariantGroup section */

/* Begin XCBuildConfiguration section */
		C2E25DB21C854895003EF8F8 /* Debug */ = {
			isa = XCBuildConfiguration;
			buildSettings = {
				ALWAYS_SEARCH_USER_PATHS = NO;
				CLANG_CXX_LANGUAGE_STANDARD = "gnu++0x";
				CLANG_CXX_LIBRARY = "libc++";
				CLANG_ENABLE_MODULES = YES;
				CLANG_ENABLE_OBJC_ARC = YES;
				CLANG_WARN_BOOL_CONVERSION = YES;
				CLANG_WARN_CONSTANT_CONVERSION = YES;
				CLANG_WARN_DIRECT_OBJC_ISA_USAGE = YES_ERROR;
				CLANG_WARN_EMPTY_BODY = YES;
				CLANG_WARN_ENUM_CONVERSION = YES;
				CLANG_WARN_INT_CONVERSION = YES;
				CLANG_WARN_OBJC_ROOT_CLASS = YES_ERROR;
				CLANG_WARN_UNREACHABLE_CODE = YES;
				CLANG_WARN__DUPLICATE_METHOD_MATCH = YES;
				"CODE_SIGN_IDENTITY[sdk=iphoneos*]" = "iPhone Developer";
				COPY_PHASE_STRIP = NO;
				DEBUG_INFORMATION_FORMAT = dwarf;
				ENABLE_STRICT_OBJC_MSGSEND = YES;
				ENABLE_TESTABILITY = YES;
				GCC_C_LANGUAGE_STANDARD = gnu99;
				GCC_DYNAMIC_NO_PIC = NO;
				GCC_NO_COMMON_BLOCKS = YES;
				GCC_OPTIMIZATION_LEVEL = 0;
				GCC_PREPROCESSOR_DEFINITIONS = (
					"DEBUG=1",
					"$(inherited)",
				);
				GCC_WARN_64_TO_32_BIT_CONVERSION = YES;
				GCC_WARN_ABOUT_RETURN_TYPE = YES_ERROR;
				GCC_WARN_UNDECLARED_SELECTOR = YES;
				GCC_WARN_UNINITIALIZED_AUTOS = YES_AGGRESSIVE;
				GCC_WARN_UNUSED_FUNCTION = YES;
				GCC_WARN_UNUSED_VARIABLE = YES;
				IPHONEOS_DEPLOYMENT_TARGET = 9.2;
				MTL_ENABLE_DEBUG_INFO = YES;
				ONLY_ACTIVE_ARCH = YES;
				SDKROOT = iphoneos;
			};
			name = Debug;
		};
		C2E25DB31C854895003EF8F8 /* Release */ = {
			isa = XCBuildConfiguration;
			buildSettings = {
				ALWAYS_SEARCH_USER_PATHS = NO;
				CLANG_CXX_LANGUAGE_STANDARD = "gnu++0x";
				CLANG_CXX_LIBRARY = "libc++";
				CLANG_ENABLE_MODULES = YES;
				CLANG_ENABLE_OBJC_ARC = YES;
				CLANG_WARN_BOOL_CONVERSION = YES;
				CLANG_WARN_CONSTANT_CONVERSION = YES;
				CLANG_WARN_DIRECT_OBJC_ISA_USAGE = YES_ERROR;
				CLANG_WARN_EMPTY_BODY = YES;
				CLANG_WARN_ENUM_CONVERSION = YES;
				CLANG_WARN_INT_CONVERSION = YES;
				CLANG_WARN_OBJC_ROOT_CLASS = YES_ERROR;
				CLANG_WARN_UNREACHABLE_CODE = YES;
				CLANG_WARN__DUPLICATE_METHOD_MATCH = YES;
				"CODE_SIGN_IDENTITY[sdk=iphoneos*]" = "iPhone Developer";
				COPY_PHASE_STRIP = NO;
				DEBUG_INFORMATION_FORMAT = "dwarf-with-dsym";
				ENABLE_NS_ASSERTIONS = NO;
				ENABLE_STRICT_OBJC_MSGSEND = YES;
				GCC_C_LANGUAGE_STANDARD = gnu99;
				GCC_NO_COMMON_BLOCKS = YES;
				GCC_WARN_64_TO_32_BIT_CONVERSION = YES;
				GCC_WARN_ABOUT_RETURN_TYPE = YES_ERROR;
				GCC_WARN_UNDECLARED_SELECTOR = YES;
				GCC_WARN_UNINITIALIZED_AUTOS = YES_AGGRESSIVE;
				GCC_WARN_UNUSED_FUNCTION = YES;
				GCC_WARN_UNUSED_VARIABLE = YES;
				IPHONEOS_DEPLOYMENT_TARGET = 9.2;
				MTL_ENABLE_DEBUG_INFO = NO;
				SDKROOT = iphoneos;
				VALIDATE_PRODUCT = YES;
			};
			name = Release;
		};
		C2E25DB51C854895003EF8F8 /* Debug */ = {
			isa = XCBuildConfiguration;
			buildSettings = {
				ASSETCATALOG_COMPILER_APPICON_NAME = AppIcon;
				ASSETCATALOG_COMPILER_LAUNCHIMAGE_NAME = LaunchImage;
				GCC_PRECOMPILE_PREFIX_HEADER = YES;
				GCC_PREFIX_HEADER = "$(SRCROOT)/Car/Class/Headers/Header.h";
				INFOPLIST_FILE = Car/Info.plist;
				LD_RUNPATH_SEARCH_PATHS = "$(inherited) @executable_path/Frameworks";
				PRODUCT_BUNDLE_IDENTIFIER = com.lanou3g.Car;
				PRODUCT_NAME = "$(TARGET_NAME)";
			};
			name = Debug;
		};
		C2E25DB61C854895003EF8F8 /* Release */ = {
			isa = XCBuildConfiguration;
			buildSettings = {
				ASSETCATALOG_COMPILER_APPICON_NAME = AppIcon;
				ASSETCATALOG_COMPILER_LAUNCHIMAGE_NAME = LaunchImage;
				GCC_PRECOMPILE_PREFIX_HEADER = YES;
				GCC_PREFIX_HEADER = "$(SRCROOT)/Car/Class/Headers/Header.h";
				INFOPLIST_FILE = Car/Info.plist;
				LD_RUNPATH_SEARCH_PATHS = "$(inherited) @executable_path/Frameworks";
				PRODUCT_BUNDLE_IDENTIFIER = com.lanou3g.Car;
				PRODUCT_NAME = "$(TARGET_NAME)";
			};
			name = Release;
		};
/* End XCBuildConfiguration section */

/* Begin XCConfigurationList section */
		C2E25D981C854895003EF8F8 /* Build configuration list for PBXProject "Car" */ = {
			isa = XCConfigurationList;
			buildConfigurations = (
				C2E25DB21C854895003EF8F8 /* Debug */,
				C2E25DB31C854895003EF8F8 /* Release */,
			);
			defaultConfigurationIsVisible = 0;
			defaultConfigurationName = Release;
		};
		C2E25DB41C854895003EF8F8 /* Build configuration list for PBXNativeTarget "Car" */ = {
			isa = XCConfigurationList;
			buildConfigurations = (
				C2E25DB51C854895003EF8F8 /* Debug */,
				C2E25DB61C854895003EF8F8 /* Release */,
			);
			defaultConfigurationIsVisible = 0;
			defaultConfigurationName = Release;
		};
/* End XCConfigurationList section */
	};
	rootObject = C2E25D951C854895003EF8F8 /* Project object */;
}
